
Microsoft Visual Studio Solution File, Format Version 12.00
# Visual Studio Version 17
VisualStudioVersion = 17.10.35122.118
MinimumVisualStudioVersion = 10.0.40219.1
Project("{FAE04EC0-301F-11D3-BF4B-00C04F79EFBC}") = "CodeChallenge.App", "CodeChallenge.App\CodeChallenge.App.csproj", "{73BF4CA7-11F3-40B6-BDD9-FF4E8F78801E}"
EndProject
Project("{FAE04EC0-301F-11D3-BF4B-00C04F79EFBC}") = "CodeChallenge.Test", "CodeChallenge.Test\CodeChallenge.Test.csproj", "{682260B6-E4BC-47FA-843F-A94C2713E398}"
EndProject
Project("{FAE04EC0-301F-11D3-BF4B-00C04F79EFBC}") = "CodeChallenge.Core", "CodeChallenge.Core\CodeChallenge.Core.csproj", "{F27D511B-2157-42FA-89D1-CEF9C2488F64}"
EndProject
Global
	GlobalSection(SolutionConfigurationPlatforms) = preSolution
		Debug|Any CPU = Debug|Any CPU
		Release|Any CPU = Release|Any CPU
	EndGlobalSection
	GlobalSection(ProjectConfigurationPlatforms) = postSolution
		{73BF4CA7-11F3-40B6-BDD9-FF4E8F78801E}.Debug|Any CPU.ActiveCfg = Debug|Any CPU
		{73BF4CA7-11F3-40B6-BDD9-FF4E8F78801E}.Debug|Any CPU.Build.0 = Debug|Any CPU
		{73BF4CA7-11F3-40B6-BDD9-FF4E8F78801E}.Release|Any CPU.ActiveCfg = Release|Any CPU
		{73BF4CA7-11F3-40B6-BDD9-FF4E8F78801E}.Release|Any CPU.Build.0 = Release|Any CPU
		{682260B6-E4BC-47FA-843F-A94C2713E398}.Debug|Any CPU.ActiveCfg = Debug|Any CPU
		{682260B6-E4BC-47FA-843F-A94C2713E398}.Debug|Any CPU.Build.0 = Debug|Any CPU
		{682260B6-E4BC-47FA-843F-A94C2713E398}.Release|Any CPU.ActiveCfg = Release|Any CPU
		{682260B6-E4BC-47FA-843F-A94C2713E398}.Release|Any CPU.Build.0 = Release|Any CPU
		{F27D511B-2157-42FA-89D1-CEF9C2488F64}.Debug|Any CPU.ActiveCfg = Debug|Any CPU
		{F27D511B-2157-42FA-89D1-CEF9C2488F64}.Debug|Any CPU.Build.0 = Debug|Any CPU
		{F27D511B-2157-42FA-89D1-CEF9C2488F64}.Release|Any CPU.ActiveCfg = Release|Any CPU
		{F27D511B-2157-42FA-89D1-CEF9C2488F64}.Release|Any CPU.Build.0 = Release|Any CPU
	EndGlobalSection
	GlobalSection(SolutionProperties) = preSolution
		HideSolutionNode = FALSE
	EndGlobalSection
	GlobalSection(ExtensibilityGlobals) = postSolution
		SolutionGuid = {C3455592-59F3-4999-A042-1DBFCA3BD7EE}
	EndGlobalSection
EndGlobal
